
Microsoft Visual Studio Solution File, Format Version 12.00
# Visual Studio 14
VisualStudioVersion = 14.0.25123.0
MinimumVisualStudioVersion = 10.0.40219.1
Project("{FAE04EC0-301F-11D3-BF4B-00C04F79EFBC}") = "MYMCore", "src\MYMCore\MYMCore.csproj", "{E5713A09-2495-44F6-9199-D976CB08F280}"
EndProject
Global
	GlobalSection(SolutionConfigurationPlatforms) = preSolution
		Debug|Any CPU = Debug|Any CPU
		Release v4.0|Any CPU = Release v4.0|Any CPU
		Release|Any CPU = Release|Any CPU
	EndGlobalSection
	GlobalSection(ProjectConfigurationPlatforms) = postSolution
		{E5713A09-2495-44F6-9199-D976CB08F280}.Debug|Any CPU.ActiveCfg = Debug|Any CPU
		{E5713A09-2495-44F6-9199-D976CB08F280}.Debug|Any CPU.Build.0 = Debug|Any CPU
		{E5713A09-2495-44F6-9199-D976CB08F280}.Release v4.0|Any CPU.ActiveCfg = Release v4.0|Any CPU
		{E5713A09-2495-44F6-9199-D976CB08F280}.Release v4.0|Any CPU.Build.0 = Release v4.0|Any CPU
		{E5713A09-2495-44F6-9199-D976CB08F280}.Release|Any CPU.ActiveCfg = Release|Any CPU
		{E5713A09-2495-44F6-9199-D976CB08F280}.Release|Any CPU.Build.0 = Release|Any CPU
	EndGlobalSection
	GlobalSection(SolutionProperties) = preSolution
		HideSolutionNode = FALSE
	EndGlobalSection
EndGlobal
